
Microsoft Visual Studio Solution File, Format Version 12.00
# Visual Studio Version 16
VisualStudioVersion = 16.0.30621.155
MinimumVisualStudioVersion = 10.0.40219.1
Project("{FAE04EC0-301F-11D3-BF4B-00C04F79EFBC}") = "CASWebApi", "CASWebApi\CASWebApi.csproj", "{BAD57483-0B3E-492B-B655-C704DB2F5FBC}"
EndProject
Global
	GlobalSection(SolutionConfigurationPlatforms) = preSolution
		Debug|Any CPU = Debug|Any CPU
		Release|Any CPU = Release|Any CPU
	EndGlobalSection
	GlobalSection(ProjectConfigurationPlatforms) = postSolution
		{BAD57483-0B3E-492B-B655-C704DB2F5FBC}.Debug|Any CPU.ActiveCfg = Debug|Any CPU
		{BAD57483-0B3E-492B-B655-C704DB2F5FBC}.Debug|Any CPU.Build.0 = Debug|Any CPU
		{BAD57483-0B3E-492B-B655-C704DB2F5FBC}.Release|Any CPU.ActiveCfg = Release|Any CPU
		{BAD57483-0B3E-492B-B655-C704DB2F5FBC}.Release|Any CPU.Build.0 = Release|Any CPU
	EndGlobalSection
	GlobalSection(SolutionProperties) = preSolution
		HideSolutionNode = FALSE
	EndGlobalSection
	GlobalSection(ExtensibilityGlobals) = postSolution
		SolutionGuid = {AE5B5876-0F89-46EC-A241-47052CC348F8}
	EndGlobalSection
EndGlobal
